
Microsoft Visual Studio Solution File, Format Version 12.00
# Visual Studio Version 17
VisualStudioVersion = 17.7.34031.279
MinimumVisualStudioVersion = 10.0.40219.1
Project("{2150E333-8FDC-42A3-9474-1A3956D46DE8}") = "src", "src", "{FD769855-CA71-4D4C-B99E-7DAF492305B1}"
EndProject
Project("{2150E333-8FDC-42A3-9474-1A3956D46DE8}") = "app", "app", "{92D1EF31-58AB-4648-8734-F873CBCC82C3}"
EndProject
Project("{2150E333-8FDC-42A3-9474-1A3956D46DE8}") = "api", "api", "{E37BFB0C-8C17-496B-9527-9579A6B726C3}"
EndProject
Project("{2150E333-8FDC-42A3-9474-1A3956D46DE8}") = "services", "services", "{C9C0333E-27E1-430B-8F8C-BE920D5C497D}"
EndProject
Project("{2150E333-8FDC-42A3-9474-1A3956D46DE8}") = "survey", "survey", "{6317B953-F16A-4972-9B8C-4C6A3641D983}"
EndProject
Project("{9A19103F-16F7-4668-BE54-9A1E7A4F7556}") = "Survey.Application", "src\services\survey\Survey.Application\Survey.Application.csproj", "{D64CEDD2-92EC-4FB9-B35E-DBF1D9723B5B}"
EndProject
Project("{9A19103F-16F7-4668-BE54-9A1E7A4F7556}") = "Survey.Domain", "src\services\survey\Survey.Domain\Survey.Domain.csproj", "{D98AF4E1-F314-44BD-B749-966797721989}"
EndProject
Project("{9A19103F-16F7-4668-BE54-9A1E7A4F7556}") = "Survey.Infrastructure", "src\services\survey\Survey.Infrastructure\Survey.Infrastructure.csproj", "{DE33E10D-ACC8-4118-A8A2-D2FBD78A503F}"
EndProject
Project("{9A19103F-16F7-4668-BE54-9A1E7A4F7556}") = "Survey.Shared", "src\services\survey\Survey.Shared\Survey.Shared.csproj", "{FCDE84E4-7C92-49A6-AC68-CFD0AC2A37F2}"
EndProject
Project("{9A19103F-16F7-4668-BE54-9A1E7A4F7556}") = "Survey.Migration.App", "src\app\Survey.Migration.App\Survey.Migration.App.csproj", "{6C36E91B-F44B-4EF5-9030-1EB3628FDEB4}"
EndProject
Project("{9A19103F-16F7-4668-BE54-9A1E7A4F7556}") = "Survey.Run.App", "src\app\Survey.Run.App\Survey.Run.App.csproj", "{570B604E-0A3D-430E-A4FC-8B4DEB51D039}"
EndProject
Project("{FAE04EC0-301F-11D3-BF4B-00C04F79EFBC}") = "Survey.API", "src\api\Survey.API\Survey.API.csproj", "{D9000D81-27B2-4769-8767-F3B5988E5EC9}"
EndProject
Project("{9A19103F-16F7-4668-BE54-9A1E7A4F7556}") = "Survey.Service", "src\services\survey\Survey.Service\Survey.Service.csproj", "{15825654-815F-4449-B771-F2C1ABDD9188}"
EndProject
Global
	GlobalSection(SolutionConfigurationPlatforms) = preSolution
		Debug|Any CPU = Debug|Any CPU
		Release|Any CPU = Release|Any CPU
	EndGlobalSection
	GlobalSection(ProjectConfigurationPlatforms) = postSolution
		{D64CEDD2-92EC-4FB9-B35E-DBF1D9723B5B}.Debug|Any CPU.ActiveCfg = Debug|Any CPU
		{D64CEDD2-92EC-4FB9-B35E-DBF1D9723B5B}.Debug|Any CPU.Build.0 = Debug|Any CPU
		{D64CEDD2-92EC-4FB9-B35E-DBF1D9723B5B}.Release|Any CPU.ActiveCfg = Release|Any CPU
		{D64CEDD2-92EC-4FB9-B35E-DBF1D9723B5B}.Release|Any CPU.Build.0 = Release|Any CPU
		{D98AF4E1-F314-44BD-B749-966797721989}.Debug|Any CPU.ActiveCfg = Debug|Any CPU
		{D98AF4E1-F314-44BD-B749-966797721989}.Debug|Any CPU.Build.0 = Debug|Any CPU
		{D98AF4E1-F314-44BD-B749-966797721989}.Release|Any CPU.ActiveCfg = Release|Any CPU
		{D98AF4E1-F314-44BD-B749-966797721989}.Release|Any CPU.Build.0 = Release|Any CPU
		{DE33E10D-ACC8-4118-A8A2-D2FBD78A503F}.Debug|Any CPU.ActiveCfg = Debug|Any CPU
		{DE33E10D-ACC8-4118-A8A2-D2FBD78A503F}.Debug|Any CPU.Build.0 = Debug|Any CPU
		{DE33E10D-ACC8-4118-A8A2-D2FBD78A503F}.Release|Any CPU.ActiveCfg = Release|Any CPU
		{DE33E10D-ACC8-4118-A8A2-D2FBD78A503F}.Release|Any CPU.Build.0 = Release|Any CPU
		{FCDE84E4-7C92-49A6-AC68-CFD0AC2A37F2}.Debug|Any CPU.ActiveCfg = Debug|Any CPU
		{FCDE84E4-7C92-49A6-AC68-CFD0AC2A37F2}.Debug|Any CPU.Build.0 = Debug|Any CPU
		{FCDE84E4-7C92-49A6-AC68-CFD0AC2A37F2}.Release|Any CPU.ActiveCfg = Release|Any CPU
		{FCDE84E4-7C92-49A6-AC68-CFD0AC2A37F2}.Release|Any CPU.Build.0 = Release|Any CPU
		{6C36E91B-F44B-4EF5-9030-1EB3628FDEB4}.Debug|Any CPU.ActiveCfg = Debug|Any CPU
		{6C36E91B-F44B-4EF5-9030-1EB3628FDEB4}.Debug|Any CPU.Build.0 = Debug|Any CPU
		{6C36E91B-F44B-4EF5-9030-1EB3628FDEB4}.Release|Any CPU.ActiveCfg = Release|Any CPU
		{6C36E91B-F44B-4EF5-9030-1EB3628FDEB4}.Release|Any CPU.Build.0 = Release|Any CPU
		{570B604E-0A3D-430E-A4FC-8B4DEB51D039}.Debug|Any CPU.ActiveCfg = Debug|Any CPU
		{570B604E-0A3D-430E-A4FC-8B4DEB51D039}.Debug|Any CPU.Build.0 = Debug|Any CPU
		{570B604E-0A3D-430E-A4FC-8B4DEB51D039}.Release|Any CPU.ActiveCfg = Release|Any CPU
		{570B604E-0A3D-430E-A4FC-8B4DEB51D039}.Release|Any CPU.Build.0 = Release|Any CPU
		{D9000D81-27B2-4769-8767-F3B5988E5EC9}.Debug|Any CPU.ActiveCfg = Debug|Any CPU
		{D9000D81-27B2-4769-8767-F3B5988E5EC9}.Debug|Any CPU.Build.0 = Debug|Any CPU
		{D9000D81-27B2-4769-8767-F3B5988E5EC9}.Release|Any CPU.ActiveCfg = Release|Any CPU
		{D9000D81-27B2-4769-8767-F3B5988E5EC9}.Release|Any CPU.Build.0 = Release|Any CPU
		{15825654-815F-4449-B771-F2C1ABDD9188}.Debug|Any CPU.ActiveCfg = Debug|Any CPU
		{15825654-815F-4449-B771-F2C1ABDD9188}.Debug|Any CPU.Build.0 = Debug|Any CPU
		{15825654-815F-4449-B771-F2C1ABDD9188}.Release|Any CPU.ActiveCfg = Release|Any CPU
		{15825654-815F-4449-B771-F2C1ABDD9188}.Release|Any CPU.Build.0 = Release|Any CPU
	EndGlobalSection
	GlobalSection(SolutionProperties) = preSolution
		HideSolutionNode = FALSE
	EndGlobalSection
	GlobalSection(NestedProjects) = preSolution
		{92D1EF31-58AB-4648-8734-F873CBCC82C3} = {FD769855-CA71-4D4C-B99E-7DAF492305B1}
		{E37BFB0C-8C17-496B-9527-9579A6B726C3} = {FD769855-CA71-4D4C-B99E-7DAF492305B1}
		{C9C0333E-27E1-430B-8F8C-BE920D5C497D} = {FD769855-CA71-4D4C-B99E-7DAF492305B1}
		{6317B953-F16A-4972-9B8C-4C6A3641D983} = {C9C0333E-27E1-430B-8F8C-BE920D5C497D}
		{D64CEDD2-92EC-4FB9-B35E-DBF1D9723B5B} = {6317B953-F16A-4972-9B8C-4C6A3641D983}
		{D98AF4E1-F314-44BD-B749-966797721989} = {6317B953-F16A-4972-9B8C-4C6A3641D983}
		{DE33E10D-ACC8-4118-A8A2-D2FBD78A503F} = {6317B953-F16A-4972-9B8C-4C6A3641D983}
		{FCDE84E4-7C92-49A6-AC68-CFD0AC2A37F2} = {6317B953-F16A-4972-9B8C-4C6A3641D983}
		{6C36E91B-F44B-4EF5-9030-1EB3628FDEB4} = {92D1EF31-58AB-4648-8734-F873CBCC82C3}
		{570B604E-0A3D-430E-A4FC-8B4DEB51D039} = {92D1EF31-58AB-4648-8734-F873CBCC82C3}
		{D9000D81-27B2-4769-8767-F3B5988E5EC9} = {E37BFB0C-8C17-496B-9527-9579A6B726C3}
		{15825654-815F-4449-B771-F2C1ABDD9188} = {6317B953-F16A-4972-9B8C-4C6A3641D983}
	EndGlobalSection
	GlobalSection(ExtensibilityGlobals) = postSolution
		SolutionGuid = {2AB0796A-869C-4CBB-AD8C-1138765FD381}
	EndGlobalSection
EndGlobal
